
Microsoft Visual Studio Solution File, Format Version 12.00
# Visual Studio Version 17
VisualStudioVersion = 17.5.33530.505
MinimumVisualStudioVersion = 10.0.40219.1
Project("{F2A71F9B-5D33-465A-A702-920D77279786}") = "GramSchmidt", "GramSchmidt.fsproj", "{EDC2BF80-C4C2-4BCD-94BC-7B2BEBA297B0}"
EndProject
Global
	GlobalSection(SolutionConfigurationPlatforms) = preSolution
		Debug|Any CPU = Debug|Any CPU
		Release|Any CPU = Release|Any CPU
	EndGlobalSection
	GlobalSection(ProjectConfigurationPlatforms) = postSolution
		{EDC2BF80-C4C2-4BCD-94BC-7B2BEBA297B0}.Debug|Any CPU.ActiveCfg = Debug|Any CPU
		{EDC2BF80-C4C2-4BCD-94BC-7B2BEBA297B0}.Debug|Any CPU.Build.0 = Debug|Any CPU
		{EDC2BF80-C4C2-4BCD-94BC-7B2BEBA297B0}.Release|Any CPU.ActiveCfg = Release|Any CPU
		{EDC2BF80-C4C2-4BCD-94BC-7B2BEBA297B0}.Release|Any CPU.Build.0 = Release|Any CPU
	EndGlobalSection
	GlobalSection(SolutionProperties) = preSolution
		HideSolutionNode = FALSE
	EndGlobalSection
	GlobalSection(ExtensibilityGlobals) = postSolution
		SolutionGuid = {ECC1C195-F420-4BB7-A722-54E6DEFAC0F3}
	EndGlobalSection
EndGlobal
